
Microsoft Visual Studio Solution File, Format Version 12.00
# Visual Studio Version 16
VisualStudioVersion = 16.0.30611.23
MinimumVisualStudioVersion = 10.0.40219.1
Project("{FAE04EC0-301F-11D3-BF4B-00C04F79EFBC}") = "SimpleWebBrowser", "SimpleWebBrowser.csproj", "{1B8316F4-5290-4D23-A882-EE70414A237A}"
EndProject
Global
	GlobalSection(SolutionConfigurationPlatforms) = preSolution
		Debug|Any CPU = Debug|Any CPU
		Release|Any CPU = Release|Any CPU
	EndGlobalSection
	GlobalSection(ProjectConfigurationPlatforms) = postSolution
		{1B8316F4-5290-4D23-A882-EE70414A237A}.Debug|Any CPU.ActiveCfg = Debug|Any CPU
		{1B8316F4-5290-4D23-A882-EE70414A237A}.Debug|Any CPU.Build.0 = Debug|Any CPU
		{1B8316F4-5290-4D23-A882-EE70414A237A}.Release|Any CPU.ActiveCfg = Release|Any CPU
		{1B8316F4-5290-4D23-A882-EE70414A237A}.Release|Any CPU.Build.0 = Release|Any CPU
	EndGlobalSection
	GlobalSection(SolutionProperties) = preSolution
		HideSolutionNode = FALSE
	EndGlobalSection
	GlobalSection(ExtensibilityGlobals) = postSolution
		SolutionGuid = {09B8CCDF-4609-4EE1-A8C4-AA9935782142}
	EndGlobalSection
EndGlobal
